
Microsoft Visual Studio Solution File, Format Version 12.00
# Visual Studio 15
VisualStudioVersion = 15.0.26730.16
MinimumVisualStudioVersion = 10.0.40219.1
Project("{FAE04EC0-301F-11D3-BF4B-00C04F79EFBC}") = "TwoFormDataTransfer", "TwoFormDataTransfer\TwoFormDataTransfer.csproj", "{6F165F3B-F485-4653-AF37-D66AD927CFCD}"
EndProject
Global
	GlobalSection(SolutionConfigurationPlatforms) = preSolution
		Debug|Any CPU = Debug|Any CPU
		Release|Any CPU = Release|Any CPU
	EndGlobalSection
	GlobalSection(ProjectConfigurationPlatforms) = postSolution
		{6F165F3B-F485-4653-AF37-D66AD927CFCD}.Debug|Any CPU.ActiveCfg = Debug|Any CPU
		{6F165F3B-F485-4653-AF37-D66AD927CFCD}.Debug|Any CPU.Build.0 = Debug|Any CPU
		{6F165F3B-F485-4653-AF37-D66AD927CFCD}.Release|Any CPU.ActiveCfg = Release|Any CPU
		{6F165F3B-F485-4653-AF37-D66AD927CFCD}.Release|Any CPU.Build.0 = Release|Any CPU
	EndGlobalSection
	GlobalSection(SolutionProperties) = preSolution
		HideSolutionNode = FALSE
	EndGlobalSection
	GlobalSection(ExtensibilityGlobals) = postSolution
		SolutionGuid = {36025AD4-9BB3-4005-9CEF-41628C23C5DF}
	EndGlobalSection
EndGlobal
